PODS:
  - ASValueTrackingSlider (0.9.3)
  - BounceMenuController (0.1.0)
  - GPUImage (0.1.4)

DEPENDENCIES:
  - ASValueTrackingSlider
  - BounceMenuController
  - GPUImage (~> 0.1.4)

SPEC CHECKSUMS:
  ASValueTrackingSlider: e83d12c6ec9b179608272b7f69db2621c45cce1b
  BounceMenuController: 25e3f908456e58a7d0b3e5ceb8b35817ef8bb8a4
  GPUImage: ac2bde5f4dbea02a81ced6313964cec1f2043ca9

COCOAPODS: 0.33.1
